
Microsoft Visual Studio Solution File, Format Version 12.00
# Visual Studio Version 17
VisualStudioVersion = 17.8.34330.188
MinimumVisualStudioVersion = 10.0.40219.1
Project("{9A19103F-16F7-4668-BE54-9A1E7A4F7556}") = "CompanyApp", "Company\CompanyApp.csproj", "{97CB7716-2BE9-45FA-B947-A2FD1D6D07ED}"
EndProject
Project("{9A19103F-16F7-4668-BE54-9A1E7A4F7556}") = "Company.Domain", "Company.Domain\Company.Domain.csproj", "{97C9BB83-EAA3-4EBF-8292-95E787A55E0D}"
EndProject
Project("{9A19103F-16F7-4668-BE54-9A1E7A4F7556}") = "Company.DataContext", "Company.DataContext\Company.DataContext.csproj", "{78660F25-21BC-480D-B0B2-FBCB3D655C25}"
EndProject
Project("{9A19103F-16F7-4668-BE54-9A1E7A4F7556}") = "Company.Business", "Company.Business\Company.Business.csproj", "{A979D2E1-F7B3-4382-B7B3-E40EF650E715}"
EndProject
Project("{9A19103F-16F7-4668-BE54-9A1E7A4F7556}") = "Company.Helpers", "Company.Helpers\Company.Helpers.csproj", "{D9A00A54-7853-4E0D-8993-B3710B6FFF6F}"
EndProject
Global
	GlobalSection(SolutionConfigurationPlatforms) = preSolution
		Debug|Any CPU = Debug|Any CPU
		Release|Any CPU = Release|Any CPU
	EndGlobalSection
	GlobalSection(ProjectConfigurationPlatforms) = postSolution
		{97CB7716-2BE9-45FA-B947-A2FD1D6D07ED}.Debug|Any CPU.ActiveCfg = Debug|Any CPU
		{97CB7716-2BE9-45FA-B947-A2FD1D6D07ED}.Debug|Any CPU.Build.0 = Debug|Any CPU
		{97CB7716-2BE9-45FA-B947-A2FD1D6D07ED}.Release|Any CPU.ActiveCfg = Release|Any CPU
		{97CB7716-2BE9-45FA-B947-A2FD1D6D07ED}.Release|Any CPU.Build.0 = Release|Any CPU
		{97C9BB83-EAA3-4EBF-8292-95E787A55E0D}.Debug|Any CPU.ActiveCfg = Debug|Any CPU
		{97C9BB83-EAA3-4EBF-8292-95E787A55E0D}.Debug|Any CPU.Build.0 = Debug|Any CPU
		{97C9BB83-EAA3-4EBF-8292-95E787A55E0D}.Release|Any CPU.ActiveCfg = Release|Any CPU
		{97C9BB83-EAA3-4EBF-8292-95E787A55E0D}.Release|Any CPU.Build.0 = Release|Any CPU
		{78660F25-21BC-480D-B0B2-FBCB3D655C25}.Debug|Any CPU.ActiveCfg = Debug|Any CPU
		{78660F25-21BC-480D-B0B2-FBCB3D655C25}.Debug|Any CPU.Build.0 = Debug|Any CPU
		{78660F25-21BC-480D-B0B2-FBCB3D655C25}.Release|Any CPU.ActiveCfg = Release|Any CPU
		{78660F25-21BC-480D-B0B2-FBCB3D655C25}.Release|Any CPU.Build.0 = Release|Any CPU
		{A979D2E1-F7B3-4382-B7B3-E40EF650E715}.Debug|Any CPU.ActiveCfg = Debug|Any CPU
		{A979D2E1-F7B3-4382-B7B3-E40EF650E715}.Debug|Any CPU.Build.0 = Debug|Any CPU
		{A979D2E1-F7B3-4382-B7B3-E40EF650E715}.Release|Any CPU.ActiveCfg = Release|Any CPU
		{A979D2E1-F7B3-4382-B7B3-E40EF650E715}.Release|Any CPU.Build.0 = Release|Any CPU
		{D9A00A54-7853-4E0D-8993-B3710B6FFF6F}.Debug|Any CPU.ActiveCfg = Debug|Any CPU
		{D9A00A54-7853-4E0D-8993-B3710B6FFF6F}.Debug|Any CPU.Build.0 = Debug|Any CPU
		{D9A00A54-7853-4E0D-8993-B3710B6FFF6F}.Release|Any CPU.ActiveCfg = Release|Any CPU
		{D9A00A54-7853-4E0D-8993-B3710B6FFF6F}.Release|Any CPU.Build.0 = Release|Any CPU
	EndGlobalSection
	GlobalSection(SolutionProperties) = preSolution
		HideSolutionNode = FALSE
	EndGlobalSection
	GlobalSection(ExtensibilityGlobals) = postSolution
		SolutionGuid = {873DE6F3-5545-46AE-A37C-136E285A186F}
	EndGlobalSection
EndGlobal
